{
  "name": "node-fetch",
  "lockfileVersion": 3,
  "requires": true,
  "packages": {
    "": {
      "name": "node-fetch",
      "dependencies": {
        "airport-code-extractor": "^1.0.0",
        "airport-iata-codes": "^1.0.13",
        "node-fetch": "^3.3.1"
      }
    },
    "node_modules/@vierofernando/decancer-android-arm-eabi": {
      "version": "1.6.2",
      "resolved": "https://registry.npmjs.org/@vierofernando/decancer-android-arm-eabi/-/decancer-android-arm-eabi-1.6.2.tgz",
      "integrity": "sha512-Hcu2to7dYElo42lU94UQhzZ2OOgw6XtZX0GelhmeyvbtOl1iDL2Po7Nlq0F1wHOFYaZNYm0RNAFU8ou8BqYq2A==",
      "cpu": [
        "arm"
      ],
      "optional": true,
      "os": [
        "android"
      ],
      "engines": {
        "node": ">= 10"
      }
    },
    "node_modules/@vierofernando/decancer-android-arm64": {
      "version": "1.6.2",
      "resolved": "https://registry.npmjs.org/@vierofernando/decancer-android-arm64/-/decancer-android-arm64-1.6.2.tgz",
      "integrity": "sha512-2GIGzca8AU86LbNIgqZ7xzThGyA1Ixk/On1wvstEKb8j2yETWwxn/0KST5Toih5YFH7ExvJvBmvpZZlKRj9EgQ==",
      "cpu": [
        "arm64"
      ],
      "optional": true,
      "os": [
        "android"
      ],
      "engines": {
        "node": ">= 10"
      }
    },
    "node_modules/@vierofernando/decancer-darwin-arm64": {
      "version": "1.6.2",
      "resolved": "https://registry.npmjs.org/@vierofernando/decancer-darwin-arm64/-/decancer-darwin-arm64-1.6.2.tgz",
      "integrity": "sha512-ixi5JgmgvA0E1qv26ZGrS+j3ND3U+9WWJAc8NPl3Fbns2U3R3sGuhJfNlYffu5ZH7QjuKdGu5My19qyC+e30XA==",
      "cpu": [
        "arm64"
      ],
      "optional": true,
      "os": [
        "darwin"
      ],
      "engines": {
        "node": ">= 10"
      }
    },
    "node_modules/@vierofernando/decancer-darwin-x64": {
      "version": "1.6.2",
      "resolved": "https://registry.npmjs.org/@vierofernando/decancer-darwin-x64/-/decancer-darwin-x64-1.6.2.tgz",
      "integrity": "sha512-luVVm4nj64u7sQ4Yucft2bJ7/iZHvtlDL+Jbsv0acE4XyCGSrjE+hpSHzIF5VtmX93eWMV1flESWPpw7VpVKgQ==",
      "cpu": [
        "x64"
      ],
      "optional": true,
      "os": [
        "darwin"
      ],
      "engines": {
        "node": ">= 10"
      }
    },
    "node_modules/@vierofernando/decancer-linux-arm-gnueabihf": {
      "version": "1.6.2",
      "resolved": "https://registry.npmjs.org/@vierofernando/decancer-linux-arm-gnueabihf/-/decancer-linux-arm-gnueabihf-1.6.2.tgz",
      "integrity": "sha512-CD4raN7FXrlT4R0Dx0PHR1DNgHWntQu+j1ul2jDJt7PxjHMLvLbUgahtKq7JS6tTrHYsY69la7NlSKp/sCMiYg==",
      "cpu": [
        "arm"
      ],
      "optional": true,
      "os": [
        "linux"
      ],
      "engines": {
        "node": ">= 10"
      }
    },
    "node_modules/@vierofernando/decancer-linux-arm64-gnu": {
      "version": "1.6.2",
      "resolved": "https://registry.npmjs.org/@vierofernando/decancer-linux-arm64-gnu/-/decancer-linux-arm64-gnu-1.6.2.tgz",
      "integrity": "sha512-d+iMfi1M83Nm3wa3TrY33Zm6LT3mj7Edk2wvJmlFrFueRmnYO6QupVeCCHyYpbFl9XCZ1HKiuTXhwuswwLuPew==",
      "cpu": [
        "arm64"
      ],
      "optional": true,
      "os": [
        "linux"
      ],
      "engines": {
        "node": ">= 10"
      }
    },
    "node_modules/@vierofernando/decancer-linux-arm64-musl": {
      "version": "1.6.2",
      "resolved": "https://registry.npmjs.org/@vierofernando/decancer-linux-arm64-musl/-/decancer-linux-arm64-musl-1.6.2.tgz",
      "integrity": "sha512-Mj+DCOYc1RzFYjgw9mCk6aKfIl7jzylwf/ou1P9j0pAf61yafbmqxMqiONHuHoeEbvMLxZeowLESxiS+b+L/TA==",
      "cpu": [
        "arm64"
      ],
      "optional": true,
      "os": [
        "linux"
      ],
      "engines": {
        "node": ">= 10"
      }
    },
    "node_modules/@vierofernando/decancer-linux-x64-gnu": {
      "version": "1.6.2",
      "resolved": "https://registry.npmjs.org/@vierofernando/decancer-linux-x64-gnu/-/decancer-linux-x64-gnu-1.6.2.tgz",
      "integrity": "sha512-oYAzH3v5GKKosqe8WCEiACdxVlxxl7rNKM5wXWJWoTDouIX6OPsTc9YEzDGmhtzkX7vl24n0ulT5sXKGUblgbw==",
      "cpu": [
        "x64"
      ],
      "optional": true,
      "os": [
        "linux"
      ],
      "engines": {
        "node": ">= 10"
      }
    },
    "node_modules/@vierofernando/decancer-linux-x64-musl": {
      "version": "1.6.2",
      "resolved": "https://registry.npmjs.org/@vierofernando/decancer-linux-x64-musl/-/decancer-linux-x64-musl-1.6.2.tgz",
      "integrity": "sha512-U/93LYavrIwiL9EFgX8VSQHEFSUEJyuihAOLPVhX/xcXOP13l6scW1+x9EhHcrSaxrKvyg6Z6l6B3sp5dPkw3A==",
      "cpu": [
        "x64"
      ],
      "optional": true,
      "os": [
        "linux"
      ],
      "engines": {
        "node": ">= 10"
      }
    },
    "node_modules/@vierofernando/decancer-win32-arm64-msvc": {
      "version": "1.6.2",
      "resolved": "https://registry.npmjs.org/@vierofernando/decancer-win32-arm64-msvc/-/decancer-win32-arm64-msvc-1.6.2.tgz",
      "integrity": "sha512-AlTtuBPIsbWKZxl+A+wYrn/remadQcBg7aIhtqauac8xYvTNfcYLYdM1zLTDLN0dZlJqnKyZr6GqL49/8piG9Q==",
      "cpu": [
        "arm64"
      ],
      "optional": true,
      "os": [
        "win32"
      ],
      "engines": {
        "node": ">= 10"
      }
    },
    "node_modules/@vierofernando/decancer-win32-ia32-msvc": {
      "version": "1.6.2",
      "resolved": "https://registry.npmjs.org/@vierofernando/decancer-win32-ia32-msvc/-/decancer-win32-ia32-msvc-1.6.2.tgz",
      "integrity": "sha512-TYB5RmM7N9k4I76qhfqVb+n1Agixf0eFbf7U1SUw/pPLjlB8Vmil2/IK1hCIvF7dj70li+VOPdCGGuuhWjDZYg==",
      "cpu": [
        "ia32"
      ],
      "optional": true,
      "os": [
        "win32"
      ],
      "engines": {
        "node": ">= 10"
      }
    },
    "node_modules/@vierofernando/decancer-win32-x64-msvc": {
      "version": "1.6.2",
      "resolved": "https://registry.npmjs.org/@vierofernando/decancer-win32-x64-msvc/-/decancer-win32-x64-msvc-1.6.2.tgz",
      "integrity": "sha512-+oWb2PUbO2t9zK42rs++OafDgOJ2Ti7mzIbb9KLq+G1v6ZAYhrmljPfntaeiyGZ+YaCCuhT5l6+su+UsVkj0Zw==",
      "cpu": [
        "x64"
      ],
      "optional": true,
      "os": [
        "win32"
      ],
      "engines": {
        "node": ">= 10"
      }
    },
    "node_modules/airport-code-extractor": {
      "version": "1.0.0",
      "resolved": "https://registry.npmjs.org/airport-code-extractor/-/airport-code-extractor-1.0.0.tgz",
      "integrity": "sha512-5zq49BU4ANKviylYVt62V7HrM5EiM3uscnMgEfYFfcNnbG+CDWHHc1rJrSTpDENU55VHUZofVFju9UrhtQoJ5g==",
      "dependencies": {
        "decancer": "^1.5.2"
      }
    },
    "node_modules/airport-iata-codes": {
      "version": "1.0.13",
      "resolved": "https://registry.npmjs.org/airport-iata-codes/-/airport-iata-codes-1.0.13.tgz",
      "integrity": "sha512-YX3qp76zwmrAJydunFPXHDwasPbtKA2JeQywI0AQgkvce6SUcLlX5wNs9uoSj6n8FQZiz7NvAh6eqmb/MV5dfA=="
    },
    "node_modules/data-uri-to-buffer": {
      "version": "4.0.1",
      "resolved": "https://registry.npmjs.org/data-uri-to-buffer/-/data-uri-to-buffer-4.0.1.tgz",
      "integrity": "sha512-0R9ikRb668HB7QDxT1vkpuUBtqc53YyAwMwGeUFKRojY/NWKvdZ+9UYtRfGmhqNbRkTSVpMbmyhXipFFv2cb/A==",
      "engines": {
        "node": ">= 12"
      }
    },
    "node_modules/decancer": {
      "version": "1.6.2",
      "resolved": "https://registry.npmjs.org/decancer/-/decancer-1.6.2.tgz",
      "integrity": "sha512-8rgAJJybvv9jrMRVRW1n5qa7LyshdymBJLLxRUfsePPEBr4oRUzzdGFGRmFovyX/Y+icy99np5Z9vTQWxe0MNA==",
      "engines": {
        "node": ">= 16"
      },
      "optionalDependencies": {
        "@vierofernando/decancer-android-arm-eabi": "1.6.2",
        "@vierofernando/decancer-android-arm64": "1.6.2",
        "@vierofernando/decancer-darwin-arm64": "1.6.2",
        "@vierofernando/decancer-darwin-x64": "1.6.2",
        "@vierofernando/decancer-linux-arm-gnueabihf": "1.6.2",
        "@vierofernando/decancer-linux-arm64-gnu": "1.6.2",
        "@vierofernando/decancer-linux-arm64-musl": "1.6.2",
        "@vierofernando/decancer-linux-x64-gnu": "1.6.2",
        "@vierofernando/decancer-linux-x64-musl": "1.6.2",
        "@vierofernando/decancer-win32-arm64-msvc": "1.6.2",
        "@vierofernando/decancer-win32-ia32-msvc": "1.6.2",
        "@vierofernando/decancer-win32-x64-msvc": "1.6.2"
      }
    },
    "node_modules/fetch-blob": {
      "version": "3.2.0",
      "resolved": "https://registry.npmjs.org/fetch-blob/-/fetch-blob-3.2.0.tgz",
      "integrity": "sha512-7yAQpD2UMJzLi1Dqv7qFYnPbaPx7ZfFK6PiIxQ4PfkGPyNyl2Ugx+a/umUonmKqjhM4DnfbMvdX6otXq83soQQ==",
      "funding": [
        {
          "type": "github",
          "url": "https://github.com/sponsors/jimmywarting"
        },
        {
          "type": "paypal",
          "url": "https://paypal.me/jimmywarting"
        }
      ],
      "dependencies": {
        "node-domexception": "^1.0.0",
        "web-streams-polyfill": "^3.0.3"
      },
      "engines": {
        "node": "^12.20 || >= 14.13"
      }
    },
    "node_modules/formdata-polyfill": {
      "version": "4.0.10",
      "resolved": "https://registry.npmjs.org/formdata-polyfill/-/formdata-polyfill-4.0.10.tgz",
      "integrity": "sha512-buewHzMvYL29jdeQTVILecSaZKnt/RJWjoZCF5OW60Z67/GmSLBkOFM7qh1PI3zFNtJbaZL5eQu1vLfazOwj4g==",
      "dependencies": {
        "fetch-blob": "^3.1.2"
      },
      "engines": {
        "node": ">=12.20.0"
      }
    },
    "node_modules/node-domexception": {
      "version": "1.0.0",
      "resolved": "https://registry.npmjs.org/node-domexception/-/node-domexception-1.0.0.tgz",
      "integrity": "sha512-/jKZoMpw0F8GRwl4/eLROPA3cfcXtLApP0QzLmUT/HuPCZWyB7IY9ZrMeKw2O/nFIqPQB3PVM9aYm0F312AXDQ==",
      "funding": [
        {
          "type": "github",
          "url": "https://github.com/sponsors/jimmywarting"
        },
        {
          "type": "github",
          "url": "https://paypal.me/jimmywarting"
        }
      ],
      "engines": {
        "node": ">=10.5.0"
      }
    },
    "node_modules/node-fetch": {
      "version": "3.3.1",
      "resolved": "https://registry.npmjs.org/node-fetch/-/node-fetch-3.3.1.tgz",
      "integrity": "sha512-cRVc/kyto/7E5shrWca1Wsea4y6tL9iYJE5FBCius3JQfb/4P4I295PfhgbJQBLTx6lATE4z+wK0rPM4VS2uow==",
      "dependencies": {
        "data-uri-to-buffer": "^4.0.0",
        "fetch-blob": "^3.1.4",
        "formdata-polyfill": "^4.0.10"
      },
      "engines": {
        "node": "^12.20.0 || ^14.13.1 || >=16.0.0"
      },
      "funding": {
        "type": "opencollective",
        "url": "https://opencollective.com/node-fetch"
      }
    },
    "node_modules/web-streams-polyfill": {
      "version": "3.2.1",
      "resolved": "https://registry.npmjs.org/web-streams-polyfill/-/web-streams-polyfill-3.2.1.tgz",
      "integrity": "sha512-e0MO3wdXWKrLbL0DgGnUV7WHVuw9OUvL4hjgnPkIeEvESk74gAITi5G606JtZPp39cd8HA9VQzCIvA49LpPN5Q==",
      "engines": {
        "node": ">= 8"
      }
    }
  }
}
